// !$*UTF8*$!
{
	archiveVersion = 1;
	classes = {
	};
	objectVersion = 77;
	objects = {

/* Begin PBXBuildFile section */
		346CCD672DA542C6002661DE /* CustomBlurEffectView in Frameworks */ = {isa = PBXBuildFile; productRef = 346CCD662DA542C6002661DE /* CustomBlurEffectView */; };
		346CCD6A2DA542D1002661DE /* CustomNavigationView in Frameworks */ = {isa = PBXBuildFile; productRef = 346CCD692DA542D1002661DE /* CustomNavigationView */; };
		346CCD6D2DA542E6002661DE /* CustomTabBar in Frameworks */ = {isa = PBXBuildFile; productRef = 346CCD6C2DA542E6002661DE /* CustomTabBar */; };
		346CCD702DA54311002661DE /* FirebaseCrashlytics in Frameworks */ = {isa = PBXBuildFile; productRef = 346CCD6F2DA54311002661DE /* FirebaseCrashlytics */; };
		346CCD732DA54338002661DE /* Lottie in Frameworks */ = {isa = PBXBuildFile; productRef = 346CCD722DA54338002661DE /* Lottie */; };
		346CCD762DA5435A002661DE /* PremiumManager in Frameworks */ = {isa = PBXBuildFile; productRef = 346CCD752DA5435A002661DE /* PremiumManager */; };
		346CCD792DA54372002661DE /* SDWebImage in Frameworks */ = {isa = PBXBuildFile; productRef = 346CCD782DA54372002661DE /* SDWebImage */; };
		346CCD7C2DA5437D002661DE /* StorageManager in Frameworks */ = {isa = PBXBuildFile; productRef = 346CCD7B2DA5437D002661DE /* StorageManager */; };
		346CCD812DA548F3002661DE /* Utilities in Frameworks */ = {isa = PBXBuildFile; productRef = 346CCD802DA548F3002661DE /* Utilities */; };
		346CCD842DA548FE002661DE /* SnapKit in Frameworks */ = {isa = PBXBuildFile; productRef = 346CCD832DA548FE002661DE /* SnapKit */; };
		347DCFD12DA6D35A0098C2BD /* TVRemoteControl in Frameworks */ = {isa = PBXBuildFile; productRef = 347DCFD02DA6D35A0098C2BD /* TVRemoteControl */; };
		34D9B0E22DA577CC00DE2FC2 /* ShadowImageButton in Frameworks */ = {isa = PBXBuildFile; productRef = 34D9B0E12DA577CC00DE2FC2 /* ShadowImageButton */; };
/* End PBXBuildFile section */

/* Begin PBXFileReference section */
		346CCCBF2DA53DBB002661DE /* TVRemoteSamsung.app */ = {isa = PBXFileReference; explicitFileType = wrapper.application; includeInIndex = 0; path = TVRemoteSamsung.app; sourceTree = BUILT_PRODUCTS_DIR; };
/* End PBXFileReference section */

/* Begin PBXFileSystemSynchronizedBuildFileExceptionSet section */
		346CCCD12DA53DBD002661DE /* Exceptions for "TVRemoteSamsung" folder in "TVRemoteSamsung" target */ = {
			isa = PBXFileSystemSynchronizedBuildFileExceptionSet;
			membershipExceptions = (
				Info.plist,
			);
			target = 346CCCBE2DA53DBB002661DE /* TVRemoteSamsung */;
		};
/* End PBXFileSystemSynchronizedBuildFileExceptionSet section */

/* Begin PBXFileSystemSynchronizedRootGroup section */
		346CCCC12DA53DBB002661DE /* TVRemoteSamsung */ = {
			isa = PBXFileSystemSynchronizedRootGroup;
			exceptions = (
				346CCCD12DA53DBD002661DE /* Exceptions for "TVRemoteSamsung" folder in "TVRemoteSamsung" target */,
			);
			path = TVRemoteSamsung;
			sourceTree = "<group>";
		};
/* End PBXFileSystemSynchronizedRootGroup section */

/* Begin PBXFrameworksBuildPhase section */
		346CCCBC2DA53DBB002661DE /* Frameworks */ = {
			isa = PBXFrameworksBuildPhase;
			buildActionMask = 2147483647;
			files = (
				346CCD732DA54338002661DE /* Lottie in Frameworks */,
				346CCD6A2DA542D1002661DE /* CustomNavigationView in Frameworks */,
				347DCFD12DA6D35A0098C2BD /* TVRemoteControl in Frameworks */,
				346CCD762DA5435A002661DE /* PremiumManager in Frameworks */,
				34D9B0E22DA577CC00DE2FC2 /* ShadowImageButton in Frameworks */,
				346CCD792DA54372002661DE /* SDWebImage in Frameworks */,
				346CCD812DA548F3002661DE /* Utilities in Frameworks */,
				346CCD702DA54311002661DE /* FirebaseCrashlytics in Frameworks */,
				346CCD672DA542C6002661DE /* CustomBlurEffectView in Frameworks */,
				346CCD7C2DA5437D002661DE /* StorageManager in Frameworks */,
				346CCD6D2DA542E6002661DE /* CustomTabBar in Frameworks */,
				346CCD842DA548FE002661DE /* SnapKit in Frameworks */,
			);
			runOnlyForDeploymentPostprocessing = 0;
		};
/* End PBXFrameworksBuildPhase section */

/* Begin PBXGroup section */
		346CCCB62DA53DBB002661DE = {
			isa = PBXGroup;
			children = (
				346CCCC12DA53DBB002661DE /* TVRemoteSamsung */,
				346CCCC02DA53DBB002661DE /* Products */,
			);
			sourceTree = "<group>";
		};
		346CCCC02DA53DBB002661DE /* Products */ = {
			isa = PBXGroup;
			children = (
				346CCCBF2DA53DBB002661DE /* TVRemoteSamsung.app */,
			);
			name = Products;
			sourceTree = "<group>";
		};
/* End PBXGroup section */

/* Begin PBXNativeTarget section */
		346CCCBE2DA53DBB002661DE /* TVRemoteSamsung */ = {
			isa = PBXNativeTarget;
			buildConfigurationList = 346CCCD22DA53DBD002661DE /* Build configuration list for PBXNativeTarget "TVRemoteSamsung" */;
			buildPhases = (
				346CCCBB2DA53DBB002661DE /* Sources */,
				346CCCBC2DA53DBB002661DE /* Frameworks */,
				346CCCBD2DA53DBB002661DE /* Resources */,
			);
			buildRules = (
			);
			dependencies = (
			);
			fileSystemSynchronizedGroups = (
				346CCCC12DA53DBB002661DE /* TVRemoteSamsung */,
			);
			name = TVRemoteSamsung;
			packageProductDependencies = (
				346CCD662DA542C6002661DE /* CustomBlurEffectView */,
				346CCD692DA542D1002661DE /* CustomNavigationView */,
				346CCD6C2DA542E6002661DE /* CustomTabBar */,
				346CCD6F2DA54311002661DE /* FirebaseCrashlytics */,
				346CCD722DA54338002661DE /* Lottie */,
				346CCD752DA5435A002661DE /* PremiumManager */,
				346CCD782DA54372002661DE /* SDWebImage */,
				346CCD7B2DA5437D002661DE /* StorageManager */,
				346CCD802DA548F3002661DE /* Utilities */,
				346CCD832DA548FE002661DE /* SnapKit */,
				34D9B0E12DA577CC00DE2FC2 /* ShadowImageButton */,
				347DCFD02DA6D35A0098C2BD /* TVRemoteControl */,
			);
			productName = TVRemoteSamsung;
			productReference = 346CCCBF2DA53DBB002661DE /* TVRemoteSamsung.app */;
			productType = "com.apple.product-type.application";
		};
/* End PBXNativeTarget section */

/* Begin PBXProject section */
		346CCCB72DA53DBB002661DE /* Project object */ = {
			isa = PBXProject;
			attributes = {
				BuildIndependentTargetsInParallel = 1;
				LastSwiftUpdateCheck = 1600;
				LastUpgradeCheck = 1600;
				TargetAttributes = {
					346CCCBE2DA53DBB002661DE = {
						CreatedOnToolsVersion = 16.0;
					};
				};
			};
			buildConfigurationList = 346CCCBA2DA53DBB002661DE /* Build configuration list for PBXProject "TVRemoteSamsung" */;
			developmentRegion = en;
			hasScannedForEncodings = 0;
			knownRegions = (
				en,
				Base,
				fr,
				de,
				"fr-CA",
				it,
				"pt-BR",
				"pt-PT",
				es,
				"es-419",
				"es-US",
			);
			mainGroup = 346CCCB62DA53DBB002661DE;
			minimizedProjectReferenceProxies = 1;
			packageReferences = (
				346CCD652DA542C6002661DE /* XCRemoteSwiftPackageReference "CustomBlurEffectView" */,
				346CCD682DA542D1002661DE /* XCRemoteSwiftPackageReference "CustomNavigationView" */,
				346CCD6B2DA542E6002661DE /* XCRemoteSwiftPackageReference "CustomTabBar" */,
				346CCD6E2DA54311002661DE /* XCRemoteSwiftPackageReference "firebase-ios-sdk" */,
				346CCD712DA54338002661DE /* XCRemoteSwiftPackageReference "lottie-spm" */,
				346CCD742DA5435A002661DE /* XCRemoteSwiftPackageReference "PremiumManager" */,
				346CCD772DA54372002661DE /* XCRemoteSwiftPackageReference "SDWebImage" */,
				346CCD7A2DA5437D002661DE /* XCRemoteSwiftPackageReference "StorageManager" */,
				346CCD7F2DA548F3002661DE /* XCRemoteSwiftPackageReference "Utilities" */,
				346CCD822DA548FE002661DE /* XCRemoteSwiftPackageReference "SnapKit" */,
				34D9B0E02DA577CC00DE2FC2 /* XCRemoteSwiftPackageReference "ShadowImageButton" */,
				347DCFCF2DA6D35A0098C2BD /* XCRemoteSwiftPackageReference "TVRemoteControl" */,
			);
			preferredProjectObjectVersion = 77;
			productRefGroup = 346CCCC02DA53DBB002661DE /* Products */;
			projectDirPath = "";
			projectRoot = "";
			targets = (
				346CCCBE2DA53DBB002661DE /* TVRemoteSamsung */,
			);
		};
/* End PBXProject section */

/* Begin PBXResourcesBuildPhase section */
		346CCCBD2DA53DBB002661DE /* Resources */ = {
			isa = PBXResourcesBuildPhase;
			buildActionMask = 2147483647;
			files = (
			);
			runOnlyForDeploymentPostprocessing = 0;
		};
/* End PBXResourcesBuildPhase section */

/* Begin PBXSourcesBuildPhase section */
		346CCCBB2DA53DBB002661DE /* Sources */ = {
			isa = PBXSourcesBuildPhase;
			buildActionMask = 2147483647;
			files = (
			);
			runOnlyForDeploymentPostprocessing = 0;
		};
/* End PBXSourcesBuildPhase section */

/* Begin XCBuildConfiguration section */
		346CCCD32DA53DBD002661DE /* Debug */ = {
			isa = XCBuildConfiguration;
			buildSettings = {
				ASSETCATALOG_COMPILER_APPICON_NAME = AppIcon;
				ASSETCATALOG_COMPILER_GLOBAL_ACCENT_COLOR_NAME = AccentColor;
				CODE_SIGN_ENTITLEMENTS = TVRemoteSamsung/TVRemoteSamsung.entitlements;
				CODE_SIGN_STYLE = Automatic;
				CURRENT_PROJECT_VERSION = 1;
				DEVELOPMENT_TEAM = 2X2LFKPN4Z;
				GENERATE_INFOPLIST_FILE = YES;
				INFOPLIST_FILE = TVRemoteSamsung/Info.plist;
				INFOPLIST_KEY_NSLocalNetworkUsageDescription = "Permission to access the local network is required to search for your Fire Stick device.";
				INFOPLIST_KEY_UIApplicationSupportsIndirectInputEvents = YES;
				INFOPLIST_KEY_UILaunchStoryboardName = LaunchScreen;
				INFOPLIST_KEY_UISupportedInterfaceOrientations = UIInterfaceOrientationPortrait;
				INFOPLIST_KEY_UIUserInterfaceStyle = Dark;
				IPHONEOS_DEPLOYMENT_TARGET = 16.0;
				LD_RUNPATH_SEARCH_PATHS = (
					"$(inherited)",
					"@executable_path/Frameworks",
				);
				MARKETING_VERSION = 1.0;
				PRODUCT_BUNDLE_IDENTIFIER = com.zakhar.example.4;
				PRODUCT_NAME = "$(TARGET_NAME)";
				SUPPORTED_PLATFORMS = "iphoneos iphonesimulator";
				SUPPORTS_MACCATALYST = NO;
				SUPPORTS_MAC_DESIGNED_FOR_IPHONE_IPAD = NO;
				SUPPORTS_XR_DESIGNED_FOR_IPHONE_IPAD = NO;
				SWIFT_EMIT_LOC_STRINGS = YES;
				SWIFT_VERSION = 5.0;
				TARGETED_DEVICE_FAMILY = 1;
			};
			name = Debug;
		};
		346CCCD42DA53DBD002661DE /* Release */ = {
			isa = XCBuildConfiguration;
			buildSettings = {
				ASSETCATALOG_COMPILER_APPICON_NAME = AppIcon;
				ASSETCATALOG_COMPILER_GLOBAL_ACCENT_COLOR_NAME = AccentColor;
				CODE_SIGN_ENTITLEMENTS = TVRemoteSamsung/TVRemoteSamsung.entitlements;
				CODE_SIGN_STYLE = Automatic;
				CURRENT_PROJECT_VERSION = 1;
				DEVELOPMENT_TEAM = 2X2LFKPN4Z;
				GENERATE_INFOPLIST_FILE = YES;
				INFOPLIST_FILE = TVRemoteSamsung/Info.plist;
				INFOPLIST_KEY_NSLocalNetworkUsageDescription = "Permission to access the local network is required to search for your Fire Stick device.";
				INFOPLIST_KEY_UIApplicationSupportsIndirectInputEvents = YES;
				INFOPLIST_KEY_UILaunchStoryboardName = LaunchScreen;
				INFOPLIST_KEY_UISupportedInterfaceOrientations = UIInterfaceOrientationPortrait;
				INFOPLIST_KEY_UIUserInterfaceStyle = Dark;
				IPHONEOS_DEPLOYMENT_TARGET = 16.0;
				LD_RUNPATH_SEARCH_PATHS = (
					"$(inherited)",
					"@executable_path/Frameworks",
				);
				MARKETING_VERSION = 1.0;
				PRODUCT_BUNDLE_IDENTIFIER = com.zakhar.example.4;
				PRODUCT_NAME = "$(TARGET_NAME)";
				SUPPORTED_PLATFORMS = "iphoneos iphonesimulator";
				SUPPORTS_MACCATALYST = NO;
				SUPPORTS_MAC_DESIGNED_FOR_IPHONE_IPAD = NO;
				SUPPORTS_XR_DESIGNED_FOR_IPHONE_IPAD = NO;
				SWIFT_EMIT_LOC_STRINGS = YES;
				SWIFT_VERSION = 5.0;
				TARGETED_DEVICE_FAMILY = 1;
			};
			name = Release;
		};
		346CCCD52DA53DBD002661DE /* Debug */ = {
			isa = XCBuildConfiguration;
			buildSettings = {
				ALWAYS_SEARCH_USER_PATHS = NO;
				ASSETCATALOG_COMPILER_GENERATE_SWIFT_ASSET_SYMBOL_EXTENSIONS = YES;
				CLANG_ANALYZER_LOCALIZABILITY_NONLOCALIZED = YES;
				CLANG_ANALYZER_NONNULL = YES;
				CLANG_ANALYZER_NUMBER_OBJECT_CONVERSION = YES_AGGRESSIVE;
				CLANG_CXX_LANGUAGE_STANDARD = "gnu++20";
				CLANG_ENABLE_MODULES = YES;
				CLANG_ENABLE_OBJC_ARC = YES;
				CLANG_ENABLE_OBJC_WEAK = YES;
				CLANG_WARN_BLOCK_CAPTURE_AUTORELEASING = YES;
				CLANG_WARN_BOOL_CONVERSION = YES;
				CLANG_WARN_COMMA = YES;
				CLANG_WARN_CONSTANT_CONVERSION = YES;
				CLANG_WARN_DEPRECATED_OBJC_IMPLEMENTATIONS = YES;
				CLANG_WARN_DIRECT_OBJC_ISA_USAGE = YES_ERROR;
				CLANG_WARN_DOCUMENTATION_COMMENTS = YES;
				CLANG_WARN_EMPTY_BODY = YES;
				CLANG_WARN_ENUM_CONVERSION = YES;
				CLANG_WARN_INFINITE_RECURSION = YES;
				CLANG_WARN_INT_CONVERSION = YES;
				CLANG_WARN_NON_LITERAL_NULL_CONVERSION = YES;
				CLANG_WARN_OBJC_IMPLICIT_RETAIN_SELF = YES;
				CLANG_WARN_OBJC_LITERAL_CONVERSION = YES;
				CLANG_WARN_OBJC_ROOT_CLASS = YES_ERROR;
				CLANG_WARN_QUOTED_INCLUDE_IN_FRAMEWORK_HEADER = YES;
				CLANG_WARN_RANGE_LOOP_ANALYSIS = YES;
				CLANG_WARN_STRICT_PROTOTYPES = YES;
				CLANG_WARN_SUSPICIOUS_MOVE = YES;
				CLANG_WARN_UNGUARDED_AVAILABILITY = YES_AGGRESSIVE;
				CLANG_WARN_UNREACHABLE_CODE = YES;
				CLANG_WARN__DUPLICATE_METHOD_MATCH = YES;
				COPY_PHASE_STRIP = NO;
				DEBUG_INFORMATION_FORMAT = dwarf;
				ENABLE_STRICT_OBJC_MSGSEND = YES;
				ENABLE_TESTABILITY = YES;
				ENABLE_USER_SCRIPT_SANDBOXING = YES;
				GCC_C_LANGUAGE_STANDARD = gnu17;
				GCC_DYNAMIC_NO_PIC = NO;
				GCC_NO_COMMON_BLOCKS = YES;
				GCC_OPTIMIZATION_LEVEL = 0;
				GCC_PREPROCESSOR_DEFINITIONS = (
					"DEBUG=1",
					"$(inherited)",
				);
				GCC_WARN_64_TO_32_BIT_CONVERSION = YES;
				GCC_WARN_ABOUT_RETURN_TYPE = YES_ERROR;
				GCC_WARN_UNDECLARED_SELECTOR = YES;
				GCC_WARN_UNINITIALIZED_AUTOS = YES_AGGRESSIVE;
				GCC_WARN_UNUSED_FUNCTION = YES;
				GCC_WARN_UNUSED_VARIABLE = YES;
				IPHONEOS_DEPLOYMENT_TARGET = 18.0;
				LOCALIZATION_PREFERS_STRING_CATALOGS = YES;
				MTL_ENABLE_DEBUG_INFO = INCLUDE_SOURCE;
				MTL_FAST_MATH = YES;
				ONLY_ACTIVE_ARCH = YES;
				SDKROOT = iphoneos;
				SWIFT_ACTIVE_COMPILATION_CONDITIONS = "DEBUG $(inherited)";
				SWIFT_OPTIMIZATION_LEVEL = "-Onone";
			};
			name = Debug;
		};
		346CCCD62DA53DBD002661DE /* Release */ = {
			isa = XCBuildConfiguration;
			buildSettings = {
				ALWAYS_SEARCH_USER_PATHS = NO;
				ASSETCATALOG_COMPILER_GENERATE_SWIFT_ASSET_SYMBOL_EXTENSIONS = YES;
				CLANG_ANALYZER_LOCALIZABILITY_NONLOCALIZED = YES;
				CLANG_ANALYZER_NONNULL = YES;
				CLANG_ANALYZER_NUMBER_OBJECT_CONVERSION = YES_AGGRESSIVE;
				CLANG_CXX_LANGUAGE_STANDARD = "gnu++20";
				CLANG_ENABLE_MODULES = YES;
				CLANG_ENABLE_OBJC_ARC = YES;
				CLANG_ENABLE_OBJC_WEAK = YES;
				CLANG_WARN_BLOCK_CAPTURE_AUTORELEASING = YES;
				CLANG_WARN_BOOL_CONVERSION = YES;
				CLANG_WARN_COMMA = YES;
				CLANG_WARN_CONSTANT_CONVERSION = YES;
				CLANG_WARN_DEPRECATED_OBJC_IMPLEMENTATIONS = YES;
				CLANG_WARN_DIRECT_OBJC_ISA_USAGE = YES_ERROR;
				CLANG_WARN_DOCUMENTATION_COMMENTS = YES;
				CLANG_WARN_EMPTY_BODY = YES;
				CLANG_WARN_ENUM_CONVERSION = YES;
				CLANG_WARN_INFINITE_RECURSION = YES;
				CLANG_WARN_INT_CONVERSION = YES;
				CLANG_WARN_NON_LITERAL_NULL_CONVERSION = YES;
				CLANG_WARN_OBJC_IMPLICIT_RETAIN_SELF = YES;
				CLANG_WARN_OBJC_LITERAL_CONVERSION = YES;
				CLANG_WARN_OBJC_ROOT_CLASS = YES_ERROR;
				CLANG_WARN_QUOTED_INCLUDE_IN_FRAMEWORK_HEADER = YES;
				CLANG_WARN_RANGE_LOOP_ANALYSIS = YES;
				CLANG_WARN_STRICT_PROTOTYPES = YES;
				CLANG_WARN_SUSPICIOUS_MOVE = YES;
				CLANG_WARN_UNGUARDED_AVAILABILITY = YES_AGGRESSIVE;
				CLANG_WARN_UNREACHABLE_CODE = YES;
				CLANG_WARN__DUPLICATE_METHOD_MATCH = YES;
				COPY_PHASE_STRIP = NO;
				DEBUG_INFORMATION_FORMAT = "dwarf-with-dsym";
				ENABLE_NS_ASSERTIONS = NO;
				ENABLE_STRICT_OBJC_MSGSEND = YES;
				ENABLE_USER_SCRIPT_SANDBOXING = YES;
				GCC_C_LANGUAGE_STANDARD = gnu17;
				GCC_NO_COMMON_BLOCKS = YES;
				GCC_WARN_64_TO_32_BIT_CONVERSION = YES;
				GCC_WARN_ABOUT_RETURN_TYPE = YES_ERROR;
				GCC_WARN_UNDECLARED_SELECTOR = YES;
				GCC_WARN_UNINITIALIZED_AUTOS = YES_AGGRESSIVE;
				GCC_WARN_UNUSED_FUNCTION = YES;
				GCC_WARN_UNUSED_VARIABLE = YES;
				IPHONEOS_DEPLOYMENT_TARGET = 18.0;
				LOCALIZATION_PREFERS_STRING_CATALOGS = YES;
				MTL_ENABLE_DEBUG_INFO = NO;
				MTL_FAST_MATH = YES;
				SDKROOT = iphoneos;
				SWIFT_COMPILATION_MODE = wholemodule;
				VALIDATE_PRODUCT = YES;
			};
			name = Release;
		};
/* End XCBuildConfiguration section */

/* Begin XCConfigurationList section */
		346CCCBA2DA53DBB002661DE /* Build configuration list for PBXProject "TVRemoteSamsung" */ = {
			isa = XCConfigurationList;
			buildConfigurations = (
				346CCCD52DA53DBD002661DE /* Debug */,
				346CCCD62DA53DBD002661DE /* Release */,
			);
			defaultConfigurationIsVisible = 0;
			defaultConfigurationName = Release;
		};
		346CCCD22DA53DBD002661DE /* Build configuration list for PBXNativeTarget "TVRemoteSamsung" */ = {
			isa = XCConfigurationList;
			buildConfigurations = (
				346CCCD32DA53DBD002661DE /* Debug */,
				346CCCD42DA53DBD002661DE /* Release */,
			);
			defaultConfigurationIsVisible = 0;
			defaultConfigurationName = Release;
		};
/* End XCConfigurationList section */

/* Begin XCRemoteSwiftPackageReference section */
		346CCD652DA542C6002661DE /* XCRemoteSwiftPackageReference "CustomBlurEffectView" */ = {
			isa = XCRemoteSwiftPackageReference;
			repositoryURL = "https://github.com/perfectdim/CustomBlurEffectView";
			requirement = {
				kind = upToNextMajorVersion;
				minimumVersion = 0.0.3;
			};
		};
		346CCD682DA542D1002661DE /* XCRemoteSwiftPackageReference "CustomNavigationView" */ = {
			isa = XCRemoteSwiftPackageReference;
			repositoryURL = "https://github.com/reganomika/CustomNavigationView";
			requirement = {
				kind = upToNextMajorVersion;
				minimumVersion = 1.0.0;
			};
		};
		346CCD6B2DA542E6002661DE /* XCRemoteSwiftPackageReference "CustomTabBar" */ = {
			isa = XCRemoteSwiftPackageReference;
			repositoryURL = "https://github.com/reganomika/CustomTabBar";
			requirement = {
				kind = upToNextMajorVersion;
				minimumVersion = 1.0.2;
			};
		};
		346CCD6E2DA54311002661DE /* XCRemoteSwiftPackageReference "firebase-ios-sdk" */ = {
			isa = XCRemoteSwiftPackageReference;
			repositoryURL = "https://github.com/firebase/firebase-ios-sdk.git";
			requirement = {
				kind = upToNextMajorVersion;
				minimumVersion = 11.11.0;
			};
		};
		346CCD712DA54338002661DE /* XCRemoteSwiftPackageReference "lottie-spm" */ = {
			isa = XCRemoteSwiftPackageReference;
			repositoryURL = "https://github.com/airbnb/lottie-spm";
			requirement = {
				kind = upToNextMajorVersion;
				minimumVersion = 4.5.1;
			};
		};
		346CCD742DA5435A002661DE /* XCRemoteSwiftPackageReference "PremiumManager" */ = {
			isa = XCRemoteSwiftPackageReference;
			repositoryURL = "https://github.com/reganomika/PremiumManager";
			requirement = {
				kind = upToNextMajorVersion;
				minimumVersion = 1.0.2;
			};
		};
		346CCD772DA54372002661DE /* XCRemoteSwiftPackageReference "SDWebImage" */ = {
			isa = XCRemoteSwiftPackageReference;
			repositoryURL = "https://github.com/SDWebImage/SDWebImage";
			requirement = {
				kind = upToNextMajorVersion;
				minimumVersion = 5.21.0;
			};
		};
		346CCD7A2DA5437D002661DE /* XCRemoteSwiftPackageReference "StorageManager" */ = {
			isa = XCRemoteSwiftPackageReference;
			repositoryURL = "https://github.com/reganomika/StorageManager";
			requirement = {
				kind = upToNextMajorVersion;
				minimumVersion = 1.0.0;
			};
		};
		346CCD7F2DA548F3002661DE /* XCRemoteSwiftPackageReference "Utilities" */ = {
			isa = XCRemoteSwiftPackageReference;
			repositoryURL = "https://github.com/reganomika/Utilities";
			requirement = {
				kind = upToNextMajorVersion;
				minimumVersion = 1.0.3;
			};
		};
		346CCD822DA548FE002661DE /* XCRemoteSwiftPackageReference "SnapKit" */ = {
			isa = XCRemoteSwiftPackageReference;
			repositoryURL = "https://github.com/SnapKit/SnapKit";
			requirement = {
				kind = upToNextMajorVersion;
				minimumVersion = 5.7.1;
			};
		};
		347DCFCF2DA6D35A0098C2BD /* XCRemoteSwiftPackageReference "TVRemoteControl" */ = {
			isa = XCRemoteSwiftPackageReference;
			repositoryURL = "https://github.com/reganomika/TVRemoteControl";
			requirement = {
				branch = lg;
				kind = branch;
			};
		};
		34D9B0E02DA577CC00DE2FC2 /* XCRemoteSwiftPackageReference "ShadowImageButton" */ = {
			isa = XCRemoteSwiftPackageReference;
			repositoryURL = "https://github.com/reganomika/ShadowImageButton";
			requirement = {
				kind = upToNextMajorVersion;
				minimumVersion = 1.1.3;
			};
		};
/* End XCRemoteSwiftPackageReference section */

/* Begin XCSwiftPackageProductDependency section */
		346CCD662DA542C6002661DE /* CustomBlurEffectView */ = {
			isa = XCSwiftPackageProductDependency;
			package = 346CCD652DA542C6002661DE /* XCRemoteSwiftPackageReference "CustomBlurEffectView" */;
			productName = CustomBlurEffectView;
		};
		346CCD692DA542D1002661DE /* CustomNavigationView */ = {
			isa = XCSwiftPackageProductDependency;
			package = 346CCD682DA542D1002661DE /* XCRemoteSwiftPackageReference "CustomNavigationView" */;
			productName = CustomNavigationView;
		};
		346CCD6C2DA542E6002661DE /* CustomTabBar */ = {
			isa = XCSwiftPackageProductDependency;
			package = 346CCD6B2DA542E6002661DE /* XCRemoteSwiftPackageReference "CustomTabBar" */;
			productName = CustomTabBar;
		};
		346CCD6F2DA54311002661DE /* FirebaseCrashlytics */ = {
			isa = XCSwiftPackageProductDependency;
			package = 346CCD6E2DA54311002661DE /* XCRemoteSwiftPackageReference "firebase-ios-sdk" */;
			productName = FirebaseCrashlytics;
		};
		346CCD722DA54338002661DE /* Lottie */ = {
			isa = XCSwiftPackageProductDependency;
			package = 346CCD712DA54338002661DE /* XCRemoteSwiftPackageReference "lottie-spm" */;
			productName = Lottie;
		};
		346CCD752DA5435A002661DE /* PremiumManager */ = {
			isa = XCSwiftPackageProductDependency;
			package = 346CCD742DA5435A002661DE /* XCRemoteSwiftPackageReference "PremiumManager" */;
			productName = PremiumManager;
		};
		346CCD782DA54372002661DE /* SDWebImage */ = {
			isa = XCSwiftPackageProductDependency;
			package = 346CCD772DA54372002661DE /* XCRemoteSwiftPackageReference "SDWebImage" */;
			productName = SDWebImage;
		};
		346CCD7B2DA5437D002661DE /* StorageManager */ = {
			isa = XCSwiftPackageProductDependency;
			package = 346CCD7A2DA5437D002661DE /* XCRemoteSwiftPackageReference "StorageManager" */;
			productName = StorageManager;
		};
		346CCD802DA548F3002661DE /* Utilities */ = {
			isa = XCSwiftPackageProductDependency;
			package = 346CCD7F2DA548F3002661DE /* XCRemoteSwiftPackageReference "Utilities" */;
			productName = Utilities;
		};
		346CCD832DA548FE002661DE /* SnapKit */ = {
			isa = XCSwiftPackageProductDependency;
			package = 346CCD822DA548FE002661DE /* XCRemoteSwiftPackageReference "SnapKit" */;
			productName = SnapKit;
		};
		347DCFD02DA6D35A0098C2BD /* TVRemoteControl */ = {
			isa = XCSwiftPackageProductDependency;
			package = 347DCFCF2DA6D35A0098C2BD /* XCRemoteSwiftPackageReference "TVRemoteControl" */;
			productName = TVRemoteControl;
		};
		34D9B0E12DA577CC00DE2FC2 /* ShadowImageButton */ = {
			isa = XCSwiftPackageProductDependency;
			package = 34D9B0E02DA577CC00DE2FC2 /* XCRemoteSwiftPackageReference "ShadowImageButton" */;
			productName = ShadowImageButton;
		};
/* End XCSwiftPackageProductDependency section */
	};
	rootObject = 346CCCB72DA53DBB002661DE /* Project object */;
}
